
Microsoft Visual Studio Solution File, Format Version 12.00
# Blend for Visual Studio Version 16
VisualStudioVersion = 16.0.31205.134
MinimumVisualStudioVersion = 10.0.40219.1
Project("{9A19103F-16F7-4668-BE54-9A1E7A4F7556}") = "control_panel", "control_panel.csproj", "{D36DEF43-B704-4B1A-9D80-C24989B81732}"
EndProject
Global
	GlobalSection(SolutionConfigurationPlatforms) = preSolution
		Debug|Any CPU = Debug|Any CPU
		Release|Any CPU = Release|Any CPU
	EndGlobalSection
	GlobalSection(ProjectConfigurationPlatforms) = postSolution
		{D36DEF43-B704-4B1A-9D80-C24989B81732}.Debug|Any CPU.ActiveCfg = Debug|Any CPU
		{D36DEF43-B704-4B1A-9D80-C24989B81732}.Debug|Any CPU.Build.0 = Debug|Any CPU
		{D36DEF43-B704-4B1A-9D80-C24989B81732}.Release|Any CPU.ActiveCfg = Release|Any CPU
		{D36DEF43-B704-4B1A-9D80-C24989B81732}.Release|Any CPU.Build.0 = Release|Any CPU
	EndGlobalSection
	GlobalSection(SolutionProperties) = preSolution
		HideSolutionNode = FALSE
	EndGlobalSection
	GlobalSection(ExtensibilityGlobals) = postSolution
		SolutionGuid = {F59B6D50-78A0-4383-9C24-96CBB63A67FF}
	EndGlobalSection
EndGlobal
